// !$*UTF8*$!
{
	archiveVersion = 1;
	classes = {
	};
	objectVersion = 50;
	objects = {

/* Begin PBXBuildFile section */
		3529018826F9731100F74EB0 /* AppDelegate.swift in Sources */ = {isa = PBXBuildFile; fileRef = 3529018726F9731100F74EB0 /* AppDelegate.swift */; };
		3529018A26F9731100F74EB0 /* SceneDelegate.swift in Sources */ = {isa = PBXBuildFile; fileRef = 3529018926F9731100F74EB0 /* SceneDelegate.swift */; };
		3529018C26F9731100F74EB0 /* ViewController.swift in Sources */ = {isa = PBXBuildFile; fileRef = 3529018B26F9731100F74EB0 /* ViewController.swift */; };
		3529018F26F9731100F74EB0 /* Main.storyboard in Resources */ = {isa = PBXBuildFile; fileRef = 3529018D26F9731100F74EB0 /* Main.storyboard */; };
		3529019126F9731200F74EB0 /* Assets.xcassets in Resources */ = {isa = PBXBuildFile; fileRef = 3529019026F9731200F74EB0 /* Assets.xcassets */; };
		3529019426F9731200F74EB0 /* LaunchScreen.storyboard in Resources */ = {isa = PBXBuildFile; fileRef = 3529019226F9731200F74EB0 /* LaunchScreen.storyboard */; };
		363274688A6147F0A6043EC3 /* Pods_WaveAnimation.framework in Frameworks */ = {isa = PBXBuildFile; fileRef = 54367361011790172CC60647 /* Pods_WaveAnimation.framework */; };
/* End PBXBuildFile section */

/* Begin PBXFileReference section */
		3529018426F9731100F74EB0 /* WaveAnimation.app */ = {isa = PBXFileReference; explicitFileType = wrapper.application; includeInIndex = 0; path = WaveAnimation.app; sourceTree = BUILT_PRODUCTS_DIR; };
		3529018726F9731100F74EB0 /* AppDelegate.swift */ = {isa = PBXFileReference; lastKnownFileType = sourcecode.swift; path = AppDelegate.swift; sourceTree = "<group>"; };
		3529018926F9731100F74EB0 /* SceneDelegate.swift */ = {isa = PBXFileReference; lastKnownFileType = sourcecode.swift; path = SceneDelegate.swift; sourceTree = "<group>"; };
		3529018B26F9731100F74EB0 /* ViewController.swift */ = {isa = PBXFileReference; lastKnownFileType = sourcecode.swift; path = ViewController.swift; sourceTree = "<group>"; };
		3529018E26F9731100F74EB0 /* Base */ = {isa = PBXFileReference; lastKnownFileType = file.storyboard; name = Base; path = Base.lproj/Main.storyboard; sourceTree = "<group>"; };
		3529019026F9731200F74EB0 /* Assets.xcassets */ = {isa = PBXFileReference; lastKnownFileType = folder.assetcatalog; path = Assets.xcassets; sourceTree = "<group>"; };
		3529019326F9731200F74EB0 /* Base */ = {isa = PBXFileReference; lastKnownFileType = file.storyboard; name = Base; path = Base.lproj/LaunchScreen.storyboard; sourceTree = "<group>"; };
		3529019526F9731200F74EB0 /* Info.plist */ = {isa = PBXFileReference; lastKnownFileType = text.plist.xml; path = Info.plist; sourceTree = "<group>"; };
		54367361011790172CC60647 /* Pods_WaveAnimation.framework */ = {isa = PBXFileReference; explicitFileType = wrapper.framework; includeInIndex = 0; path = Pods_WaveAnimation.framework; sourceTree = BUILT_PRODUCTS_DIR; };
		61453E65534961420FA5F5D1 /* Pods-WaveAnimation.release.xcconfig */ = {isa = PBXFileReference; includeInIndex = 1; lastKnownFileType = text.xcconfig; name = "Pods-WaveAnimation.release.xcconfig"; path = "Target Support Files/Pods-WaveAnimation/Pods-WaveAnimation.release.xcconfig"; sourceTree = "<group>"; };
		DAD198687C934F129F9F1EC5 /* Pods-WaveAnimation.debug.xcconfig */ = {isa = PBXFileReference; includeInIndex = 1; lastKnownFileType = text.xcconfig; name = "Pods-WaveAnimation.debug.xcconfig"; path = "Target Support Files/Pods-WaveAnimation/Pods-WaveAnimation.debug.xcconfig"; sourceTree = "<group>"; };
/* End PBXFileReference section */

/* Begin PBXFrameworksBuildPhase section */
		3529018126F9731100F74EB0 /* Frameworks */ = {
			isa = PBXFrameworksBuildPhase;
			buildActionMask = 2147483647;
			files = (
				363274688A6147F0A6043EC3 /* Pods_WaveAnimation.framework in Frameworks */,
			);
			runOnlyForDeploymentPostprocessing = 0;
		};
/* End PBXFrameworksBuildPhase section */

/* Begin PBXGroup section */
		18BEEC78477411B86C257357 /* Frameworks */ = {
			isa = PBXGroup;
			children = (
				54367361011790172CC60647 /* Pods_WaveAnimation.framework */,
			);
			name = Frameworks;
			sourceTree = "<group>";
		};
		3529017B26F9731100F74EB0 = {
			isa = PBXGroup;
			children = (
				3529018626F9731100F74EB0 /* WaveAnimation */,
				3529018526F9731100F74EB0 /* Products */,
				91051271B252D6B13EA5A46D /* Pods */,
				18BEEC78477411B86C257357 /* Frameworks */,
			);
			sourceTree = "<group>";
		};
		3529018526F9731100F74EB0 /* Products */ = {
			isa = PBXGroup;
			children = (
				3529018426F9731100F74EB0 /* WaveAnimation.app */,
			);
			name = Products;
			sourceTree = "<group>";
		};
		3529018626F9731100F74EB0 /* WaveAnimation */ = {
			isa = PBXGroup;
			children = (
				3529018726F9731100F74EB0 /* AppDelegate.swift */,
				3529018926F9731100F74EB0 /* SceneDelegate.swift */,
				3529018B26F9731100F74EB0 /* ViewController.swift */,
				3529018D26F9731100F74EB0 /* Main.storyboard */,
				3529019026F9731200F74EB0 /* Assets.xcassets */,
				3529019226F9731200F74EB0 /* LaunchScreen.storyboard */,
				3529019526F9731200F74EB0 /* Info.plist */,
			);
			path = WaveAnimation;
			sourceTree = "<group>";
		};
		91051271B252D6B13EA5A46D /* Pods */ = {
			isa = PBXGroup;
			children = (
				DAD198687C934F129F9F1EC5 /* Pods-WaveAnimation.debug.xcconfig */,
				61453E65534961420FA5F5D1 /* Pods-WaveAnimation.release.xcconfig */,
			);
			name = Pods;
			path = Pods;
			sourceTree = "<group>";
		};
/* End PBXGroup section */

/* Begin PBXNativeTarget section */
		3529018326F9731100F74EB0 /* WaveAnimation */ = {
			isa = PBXNativeTarget;
			buildConfigurationList = 3529019826F9731200F74EB0 /* Build configuration list for PBXNativeTarget "WaveAnimation" */;
			buildPhases = (
				AD5A084ACD5D4FED8213C675 /* [CP] Check Pods Manifest.lock */,
				3529018026F9731100F74EB0 /* Sources */,
				3529018126F9731100F74EB0 /* Frameworks */,
				3529018226F9731100F74EB0 /* Resources */,
				246D42E18833227A4657A778 /* [CP] Embed Pods Frameworks */,
			);
			buildRules = (
			);
			dependencies = (
			);
			name = WaveAnimation;
			productName = WaveAnimation;
			productReference = 3529018426F9731100F74EB0 /* WaveAnimation.app */;
			productType = "com.apple.product-type.application";
		};
/* End PBXNativeTarget section */

/* Begin PBXProject section */
		3529017C26F9731100F74EB0 /* Project object */ = {
			isa = PBXProject;
			attributes = {
				LastSwiftUpdateCheck = 1250;
				LastUpgradeCheck = 1250;
				TargetAttributes = {
					3529018326F9731100F74EB0 = {
						CreatedOnToolsVersion = 12.5.1;
					};
				};
			};
			buildConfigurationList = 3529017F26F9731100F74EB0 /* Build configuration list for PBXProject "WaveAnimation" */;
			compatibilityVersion = "Xcode 9.3";
			developmentRegion = en;
			hasScannedForEncodings = 0;
			knownRegions = (
				en,
				Base,
			);
			mainGroup = 3529017B26F9731100F74EB0;
			productRefGroup = 3529018526F9731100F74EB0 /* Products */;
			projectDirPath = "";
			projectRoot = "";
			targets = (
				3529018326F9731100F74EB0 /* WaveAnimation */,
			);
		};
/* End PBXProject section */

/* Begin PBXResourcesBuildPhase section */
		3529018226F9731100F74EB0 /* Resources */ = {
			isa = PBXResourcesBuildPhase;
			buildActionMask = 2147483647;
			files = (
				3529019426F9731200F74EB0 /* LaunchScreen.storyboard in Resources */,
				3529019126F9731200F74EB0 /* Assets.xcassets in Resources */,
				3529018F26F9731100F74EB0 /* Main.storyboard in Resources */,
			);
			runOnlyForDeploymentPostprocessing = 0;
		};
/* End PBXResourcesBuildPhase section */

/* Begin PBXShellScriptBuildPhase section */
		246D42E18833227A4657A778 /* [CP] Embed Pods Frameworks */ = {
			isa = PBXShellScriptBuildPhase;
			buildActionMask = 2147483647;
			files = (
			);
			inputFileListPaths = (
				"${PODS_ROOT}/Target Support Files/Pods-WaveAnimation/Pods-WaveAnimation-frameworks-${CONFIGURATION}-input-files.xcfilelist",
			);
			name = "[CP] Embed Pods Frameworks";
			outputFileListPaths = (
				"${PODS_ROOT}/Target Support Files/Pods-WaveAnimation/Pods-WaveAnimation-frameworks-${CONFIGURATION}-output-files.xcfilelist",
			);
			runOnlyForDeploymentPostprocessing = 0;
			shellPath = /bin/sh;
			shellScript = "\"${PODS_ROOT}/Target Support Files/Pods-WaveAnimation/Pods-WaveAnimation-frameworks.sh\"\n";
			showEnvVarsInLog = 0;
		};
		AD5A084ACD5D4FED8213C675 /* [CP] Check Pods Manifest.lock */ = {
			isa = PBXShellScriptBuildPhase;
			buildActionMask = 2147483647;
			files = (
			);
			inputFileListPaths = (
			);
			inputPaths = (
				"${PODS_PODFILE_DIR_PATH}/Podfile.lock",
				"${PODS_ROOT}/Manifest.lock",
			);
			name = "[CP] Check Pods Manifest.lock";
			outputFileListPaths = (
			);
			outputPaths = (
				"$(DERIVED_FILE_DIR)/Pods-WaveAnimation-checkManifestLockResult.txt",
			);
			runOnlyForDeploymentPostprocessing = 0;
			shellPath = /bin/sh;
			shellScript = "diff \"${PODS_PODFILE_DIR_PATH}/Podfile.lock\" \"${PODS_ROOT}/Manifest.lock\" > /dev/null\nif [ $? != 0 ] ; then\n    # print error to STDERR\n    echo \"error: The sandbox is not in sync with the Podfile.lock. Run 'pod install' or update your CocoaPods installation.\" >&2\n    exit 1\nfi\n# This output is used by Xcode 'outputs' to avoid re-running this script phase.\necho \"SUCCESS\" > \"${SCRIPT_OUTPUT_FILE_0}\"\n";
			showEnvVarsInLog = 0;
		};
/* End PBXShellScriptBuildPhase section */

/* Begin PBXSourcesBuildPhase section */
		3529018026F9731100F74EB0 /* Sources */ = {
			isa = PBXSourcesBuildPhase;
			buildActionMask = 2147483647;
			files = (
				3529018C26F9731100F74EB0 /* ViewController.swift in Sources */,
				3529018826F9731100F74EB0 /* AppDelegate.swift in Sources */,
				3529018A26F9731100F74EB0 /* SceneDelegate.swift in Sources */,
			);
			runOnlyForDeploymentPostprocessing = 0;
		};
/* End PBXSourcesBuildPhase section */

/* Begin PBXVariantGroup section */
		3529018D26F9731100F74EB0 /* Main.storyboard */ = {
			isa = PBXVariantGroup;
			children = (
				3529018E26F9731100F74EB0 /* Base */,
			);
			name = Main.storyboard;
			sourceTree = "<group>";
		};
		3529019226F9731200F74EB0 /* LaunchScreen.storyboard */ = {
			isa = PBXVariantGroup;
			children = (
				3529019326F9731200F74EB0 /* Base */,
			);
			name = LaunchScreen.storyboard;
			sourceTree = "<group>";
		};
/* End PBXVariantGroup section */

/* Begin XCBuildConfiguration section */
		3529019626F9731200F74EB0 /* Debug */ = {
			isa = XCBuildConfiguration;
			buildSettings = {
				ALWAYS_SEARCH_USER_PATHS = NO;
				CLANG_ANALYZER_NONNULL = YES;
				CLANG_ANALYZER_NUMBER_OBJECT_CONVERSION = YES_AGGRESSIVE;
				CLANG_CXX_LANGUAGE_STANDARD = "gnu++14";
				CLANG_CXX_LIBRARY = "libc++";
				CLANG_ENABLE_MODULES = YES;
				CLANG_ENABLE_OBJC_ARC = YES;
				CLANG_ENABLE_OBJC_WEAK = YES;
				CLANG_WARN_BLOCK_CAPTURE_AUTORELEASING = YES;
				CLANG_WARN_BOOL_CONVERSION = YES;
				CLANG_WARN_COMMA = YES;
				CLANG_WARN_CONSTANT_CONVERSION = YES;
				CLANG_WARN_DEPRECATED_OBJC_IMPLEMENTATIONS = YES;
				CLANG_WARN_DIRECT_OBJC_ISA_USAGE = YES_ERROR;
				CLANG_WARN_DOCUMENTATION_COMMENTS = YES;
				CLANG_WARN_EMPTY_BODY = YES;
				CLANG_WARN_ENUM_CONVERSION = YES;
				CLANG_WARN_INFINITE_RECURSION = YES;
				CLANG_WARN_INT_CONVERSION = YES;
				CLANG_WARN_NON_LITERAL_NULL_CONVERSION = YES;
				CLANG_WARN_OBJC_IMPLICIT_RETAIN_SELF = YES;
				CLANG_WARN_OBJC_LITERAL_CONVERSION = YES;
				CLANG_WARN_OBJC_ROOT_CLASS = YES_ERROR;
				CLANG_WARN_QUOTED_INCLUDE_IN_FRAMEWORK_HEADER = YES;
				CLANG_WARN_RANGE_LOOP_ANALYSIS = YES;
				CLANG_WARN_STRICT_PROTOTYPES = YES;
				CLANG_WARN_SUSPICIOUS_MOVE = YES;
				CLANG_WARN_UNGUARDED_AVAILABILITY = YES_AGGRESSIVE;
				CLANG_WARN_UNREACHABLE_CODE = YES;
				CLANG_WARN__DUPLICATE_METHOD_MATCH = YES;
				COPY_PHASE_STRIP = NO;
				DEBUG_INFORMATION_FORMAT = dwarf;
				ENABLE_STRICT_OBJC_MSGSEND = YES;
				ENABLE_TESTABILITY = YES;
				GCC_C_LANGUAGE_STANDARD = gnu11;
				GCC_DYNAMIC_NO_PIC = NO;
				GCC_NO_COMMON_BLOCKS = YES;
				GCC_OPTIMIZATION_LEVEL = 0;
				GCC_PREPROCESSOR_DEFINITIONS = (
					"DEBUG=1",
					"$(inherited)",
				);
				GCC_WARN_64_TO_32_BIT_CONVERSION = YES;
				GCC_WARN_ABOUT_RETURN_TYPE = YES_ERROR;
				GCC_WARN_UNDECLARED_SELECTOR = YES;
				GCC_WARN_UNINITIALIZED_AUTOS = YES_AGGRESSIVE;
				GCC_WARN_UNUSED_FUNCTION = YES;
				GCC_WARN_UNUSED_VARIABLE = YES;
				IPHONEOS_DEPLOYMENT_TARGET = 14.5;
				MTL_ENABLE_DEBUG_INFO = INCLUDE_SOURCE;
				MTL_FAST_MATH = YES;
				ONLY_ACTIVE_ARCH = YES;
				SDKROOT = iphoneos;
				SWIFT_ACTIVE_COMPILATION_CONDITIONS = DEBUG;
				SWIFT_OPTIMIZATION_LEVEL = "-Onone";
			};
			name = Debug;
		};
		3529019726F9731200F74EB0 /* Release */ = {
			isa = XCBuildConfiguration;
			buildSettings = {
				ALWAYS_SEARCH_USER_PATHS = NO;
				CLANG_ANALYZER_NONNULL = YES;
				CLANG_ANALYZER_NUMBER_OBJECT_CONVERSION = YES_AGGRESSIVE;
				CLANG_CXX_LANGUAGE_STANDARD = "gnu++14";
				CLANG_CXX_LIBRARY = "libc++";
				CLANG_ENABLE_MODULES = YES;
				CLANG_ENABLE_OBJC_ARC = YES;
				CLANG_ENABLE_OBJC_WEAK = YES;
				CLANG_WARN_BLOCK_CAPTURE_AUTORELEASING = YES;
				CLANG_WARN_BOOL_CONVERSION = YES;
				CLANG_WARN_COMMA = YES;
				CLANG_WARN_CONSTANT_CONVERSION = YES;
				CLANG_WARN_DEPRECATED_OBJC_IMPLEMENTATIONS = YES;
				CLANG_WARN_DIRECT_OBJC_ISA_USAGE = YES_ERROR;
				CLANG_WARN_DOCUMENTATION_COMMENTS = YES;
				CLANG_WARN_EMPTY_BODY = YES;
				CLANG_WARN_ENUM_CONVERSION = YES;
				CLANG_WARN_INFINITE_RECURSION = YES;
				CLANG_WARN_INT_CONVERSION = YES;
				CLANG_WARN_NON_LITERAL_NULL_CONVERSION = YES;
				CLANG_WARN_OBJC_IMPLICIT_RETAIN_SELF = YES;
				CLANG_WARN_OBJC_LITERAL_CONVERSION = YES;
				CLANG_WARN_OBJC_ROOT_CLASS = YES_ERROR;
				CLANG_WARN_QUOTED_INCLUDE_IN_FRAMEWORK_HEADER = YES;
				CLANG_WARN_RANGE_LOOP_ANALYSIS = YES;
				CLANG_WARN_STRICT_PROTOTYPES = YES;
				CLANG_WARN_SUSPICIOUS_MOVE = YES;
				CLANG_WARN_UNGUARDED_AVAILABILITY = YES_AGGRESSIVE;
				CLANG_WARN_UNREACHABLE_CODE = YES;
				CLANG_WARN__DUPLICATE_METHOD_MATCH = YES;
				COPY_PHASE_STRIP = NO;
				DEBUG_INFORMATION_FORMAT = "dwarf-with-dsym";
				ENABLE_NS_ASSERTIONS = NO;
				ENABLE_STRICT_OBJC_MSGSEND = YES;
				GCC_C_LANGUAGE_STANDARD = gnu11;
				GCC_NO_COMMON_BLOCKS = YES;
				GCC_WARN_64_TO_32_BIT_CONVERSION = YES;
				GCC_WARN_ABOUT_RETURN_TYPE = YES_ERROR;
				GCC_WARN_UNDECLARED_SELECTOR = YES;
				GCC_WARN_UNINITIALIZED_AUTOS = YES_AGGRESSIVE;
				GCC_WARN_UNUSED_FUNCTION = YES;
				GCC_WARN_UNUSED_VARIABLE = YES;
				IPHONEOS_DEPLOYMENT_TARGET = 14.5;
				MTL_ENABLE_DEBUG_INFO = NO;
				MTL_FAST_MATH = YES;
				SDKROOT = iphoneos;
				SWIFT_COMPILATION_MODE = wholemodule;
				SWIFT_OPTIMIZATION_LEVEL = "-O";
				VALIDATE_PRODUCT = YES;
			};
			name = Release;
		};
		3529019926F9731200F74EB0 /* Debug */ = {
			isa = XCBuildConfiguration;
			baseConfigurationReference = DAD198687C934F129F9F1EC5 /* Pods-WaveAnimation.debug.xcconfig */;
			buildSettings = {
				ASSETCATALOG_COMPILER_APPICON_NAME = AppIcon;
				ASSETCATALOG_COMPILER_GLOBAL_ACCENT_COLOR_NAME = AccentColor;
				CODE_SIGN_STYLE = Automatic;
				DEVELOPMENT_TEAM = 8WJBD73YAT;
				INFOPLIST_FILE = WaveAnimation/Info.plist;
				LD_RUNPATH_SEARCH_PATHS = (
					"$(inherited)",
					"@executable_path/Frameworks",
				);
				PRODUCT_BUNDLE_IDENTIFIER = com.jaeylee.WaveAnimation;
				PRODUCT_NAME = "$(TARGET_NAME)";
				SWIFT_VERSION = 5.0;
				TARGETED_DEVICE_FAMILY = "1,2";
			};
			name = Debug;
		};
		3529019A26F9731200F74EB0 /* Release */ = {
			isa = XCBuildConfiguration;
			baseConfigurationReference = 61453E65534961420FA5F5D1 /* Pods-WaveAnimation.release.xcconfig */;
			buildSettings = {
				ASSETCATALOG_COMPILER_APPICON_NAME = AppIcon;
				ASSETCATALOG_COMPILER_GLOBAL_ACCENT_COLOR_NAME = AccentColor;
				CODE_SIGN_STYLE = Automatic;
				DEVELOPMENT_TEAM = 8WJBD73YAT;
				INFOPLIST_FILE = WaveAnimation/Info.plist;
				LD_RUNPATH_SEARCH_PATHS = (
					"$(inherited)",
					"@executable_path/Frameworks",
				);
				PRODUCT_BUNDLE_IDENTIFIER = com.jaeylee.WaveAnimation;
				PRODUCT_NAME = "$(TARGET_NAME)";
				SWIFT_VERSION = 5.0;
				TARGETED_DEVICE_FAMILY = "1,2";
			};
			name = Release;
		};
/* End XCBuildConfiguration section */

/* Begin XCConfigurationList section */
		3529017F26F9731100F74EB0 /* Build configuration list for PBXProject "WaveAnimation" */ = {
			isa = XCConfigurationList;
			buildConfigurations = (
				3529019626F9731200F74EB0 /* Debug */,
				3529019726F9731200F74EB0 /* Release */,
			);
			defaultConfigurationIsVisible = 0;
			defaultConfigurationName = Release;
		};
		3529019826F9731200F74EB0 /* Build configuration list for PBXNativeTarget "WaveAnimation" */ = {
			isa = XCConfigurationList;
			buildConfigurations = (
				3529019926F9731200F74EB0 /* Debug */,
				3529019A26F9731200F74EB0 /* Release */,
			);
			defaultConfigurationIsVisible = 0;
			defaultConfigurationName = Release;
		};
/* End XCConfigurationList section */
	};
	rootObject = 3529017C26F9731100F74EB0 /* Project object */;
}
